
Microsoft Visual Studio Solution File, Format Version 12.00
# Visual Studio Version 16
VisualStudioVersion = 16.0.31005.135
MinimumVisualStudioVersion = 10.0.40219.1
Project("{FAE04EC0-301F-11D3-BF4B-00C04F79EFBC}") = "ex1", "GeekBrains1.Ex3\ex1.csproj", "{1C561E28-E2CD-4D8A-A9B2-91CD5D1C7683}"
EndProject
Project("{FAE04EC0-301F-11D3-BF4B-00C04F79EFBC}") = "ex2", "ex2\ex2.csproj", "{0E884D20-A77B-4BE8-897A-000938490CA4}"
EndProject
Project("{FAE04EC0-301F-11D3-BF4B-00C04F79EFBC}") = "ex4", "ex4\ex4.csproj", "{99F4FC9A-86A1-4F75-9BE2-F832EF7BDBA2}"
EndProject
Project("{FAE04EC0-301F-11D3-BF4B-00C04F79EFBC}") = "ex3", "ex3\ex3.csproj", "{CFE118CA-3D78-486B-A489-EFDE7F9747ED}"
EndProject
Global
	GlobalSection(SolutionConfigurationPlatforms) = preSolution
		Debug|Any CPU = Debug|Any CPU
		Release|Any CPU = Release|Any CPU
	EndGlobalSection
	GlobalSection(ProjectConfigurationPlatforms) = postSolution
		{1C561E28-E2CD-4D8A-A9B2-91CD5D1C7683}.Debug|Any CPU.ActiveCfg = Debug|Any CPU
		{1C561E28-E2CD-4D8A-A9B2-91CD5D1C7683}.Debug|Any CPU.Build.0 = Debug|Any CPU
		{1C561E28-E2CD-4D8A-A9B2-91CD5D1C7683}.Release|Any CPU.ActiveCfg = Release|Any CPU
		{1C561E28-E2CD-4D8A-A9B2-91CD5D1C7683}.Release|Any CPU.Build.0 = Release|Any CPU
		{0E884D20-A77B-4BE8-897A-000938490CA4}.Debug|Any CPU.ActiveCfg = Debug|Any CPU
		{0E884D20-A77B-4BE8-897A-000938490CA4}.Debug|Any CPU.Build.0 = Debug|Any CPU
		{0E884D20-A77B-4BE8-897A-000938490CA4}.Release|Any CPU.ActiveCfg = Release|Any CPU
		{0E884D20-A77B-4BE8-897A-000938490CA4}.Release|Any CPU.Build.0 = Release|Any CPU
		{99F4FC9A-86A1-4F75-9BE2-F832EF7BDBA2}.Debug|Any CPU.ActiveCfg = Debug|Any CPU
		{99F4FC9A-86A1-4F75-9BE2-F832EF7BDBA2}.Debug|Any CPU.Build.0 = Debug|Any CPU
		{99F4FC9A-86A1-4F75-9BE2-F832EF7BDBA2}.Release|Any CPU.ActiveCfg = Release|Any CPU
		{99F4FC9A-86A1-4F75-9BE2-F832EF7BDBA2}.Release|Any CPU.Build.0 = Release|Any CPU
		{CFE118CA-3D78-486B-A489-EFDE7F9747ED}.Debug|Any CPU.ActiveCfg = Debug|Any CPU
		{CFE118CA-3D78-486B-A489-EFDE7F9747ED}.Debug|Any CPU.Build.0 = Debug|Any CPU
		{CFE118CA-3D78-486B-A489-EFDE7F9747ED}.Release|Any CPU.ActiveCfg = Release|Any CPU
		{CFE118CA-3D78-486B-A489-EFDE7F9747ED}.Release|Any CPU.Build.0 = Release|Any CPU
	EndGlobalSection
	GlobalSection(SolutionProperties) = preSolution
		HideSolutionNode = FALSE
	EndGlobalSection
	GlobalSection(ExtensibilityGlobals) = postSolution
		SolutionGuid = {1E11129E-56A5-4DAF-AB40-5BC44914AF50}
	EndGlobalSection
EndGlobal
